
Microsoft Visual Studio Solution File, Format Version 12.00
# Visual Studio Version 17
VisualStudioVersion = 17.6.33723.286
MinimumVisualStudioVersion = 10.0.40219.1
Project("{FAE04EC0-301F-11D3-BF4B-00C04F79EFBC}") = "oop", "oop\oop.csproj", "{A68D6771-2AC0-47E7-B398-F83B4D67810D}"
EndProject
Global
	GlobalSection(SolutionConfigurationPlatforms) = preSolution
		Debug|Any CPU = Debug|Any CPU
		Release|Any CPU = Release|Any CPU
	EndGlobalSection
	GlobalSection(ProjectConfigurationPlatforms) = postSolution
		{A68D6771-2AC0-47E7-B398-F83B4D67810D}.Debug|Any CPU.ActiveCfg = Debug|Any CPU
		{A68D6771-2AC0-47E7-B398-F83B4D67810D}.Debug|Any CPU.Build.0 = Debug|Any CPU
		{A68D6771-2AC0-47E7-B398-F83B4D67810D}.Release|Any CPU.ActiveCfg = Release|Any CPU
		{A68D6771-2AC0-47E7-B398-F83B4D67810D}.Release|Any CPU.Build.0 = Release|Any CPU
	EndGlobalSection
	GlobalSection(SolutionProperties) = preSolution
		HideSolutionNode = FALSE
	EndGlobalSection
	GlobalSection(ExtensibilityGlobals) = postSolution
		SolutionGuid = {5CE40A22-2155-4CB6-8B25-CFFD7CDCE21E}
	EndGlobalSection
EndGlobal
